{
  "pins" : [
    {
      "identity" : "kingfisher",
      "kind" : "remoteSourceControl",
      "location" : "https://github.com/onevcat/Kingfisher.git",
      "state" : {
        "revision" : "2ef543ee21d63734e1c004ad6c870255e8716c50",
        "version" : "7.12.0"
      }
    },
    {
      "identity" : "posthog-ios",
      "kind" : "remoteSourceControl",
      "location" : "https://github.com/PostHog/posthog-ios.git",
      "state" : {
        "revision" : "b71b7b1ba861391377d01251479530b938881ce0",
        "version" : "3.35.0"
      }
    }
  ],
  "version" : 2
}
