// !$*UTF8*$!
{
	archiveVersion = 1;
	classes = {
	};
	objectVersion = 77;
	objects = {

/* Begin PBXBuildFile section */
		6BF9CC042EC6378900392DE8 /* Venue.swift in Sources */ = {isa = PBXBuildFile; fileRef = 6BF9CBF82EC6378900392DE8 /* Venue.swift */; };
		6BF9CC052EC6378900392DE8 /* PostHogAnalytics.swift in Sources */ = {isa = PBXBuildFile; fileRef = 6BF9CBFB2EC6378900392DE8 /* PostHogAnalytics.swift */; };
		6BF9CC062EC6378900392DE8 /* SwipeCardView.swift in Sources */ = {isa = PBXBuildFile; fileRef = 6BF9CBFD2EC6378900392DE8 /* SwipeCardView.swift */; };
		6BF9CD032EC6A1B500392DE8 /* LocationService.swift in Sources */ = {isa = PBXBuildFile; fileRef = 6BF9CD022EC6A1B500392DE8 /* LocationService.swift */; };
		6BF9CD072EC6A93800392DE8 /* VenueDetailView.swift in Sources */ = {isa = PBXBuildFile; fileRef = 6BF9CD062EC6A93800392DE8 /* VenueDetailView.swift */; };
		6BF9CC072EC6378900392DE8 /* DateGenieApp.swift in Sources */ = {isa = PBXBuildFile; fileRef = 6BF9CC012EC6378900392DE8 /* DateGenieApp.swift */; };
		6BF9CC082EC6378900392DE8 /* APIService.swift in Sources */ = {isa = PBXBuildFile; fileRef = 6BF9CBFA2EC6378900392DE8 /* APIService.swift */; };
		6BF9CC092EC6378900392DE8 /* ContentView.swift in Sources */ = {isa = PBXBuildFile; fileRef = 6BF9CC002EC6378900392DE8 /* ContentView.swift */; };
		6BF9CC122EC68F0F00392DE8 /* AuthenticationManager.swift in Sources */ = {isa = PBXBuildFile; fileRef = 6BF9CC112EC68F0F00392DE8 /* AuthenticationManager.swift */; };
		6BF9CC142EC68F5A00392DE8 /* User.swift in Sources */ = {isa = PBXBuildFile; fileRef = 6BF9CC132EC68F5A00392DE8 /* User.swift */; };
		6BF9CC162EC68FA400392DE8 /* SignInView.swift in Sources */ = {isa = PBXBuildFile; fileRef = 6BF9CC152EC68FA400392DE8 /* SignInView.swift */; };
		6BF9CC172EC69CC800392DE8 /* DateGenieViewModel.swift in Sources */ = {isa = PBXBuildFile; fileRef = 6BF9CC1A2EC69CC800392DE8 /* DateGenieViewModel.swift */; };
		6BF9CC182EC69CC800392DE8 /* FilterPageView.swift in Sources */ = {isa = PBXBuildFile; fileRef = 6BF9CC1B2EC69CC800392DE8 /* FilterPageView.swift */; };
		6BF9CC192EC69CC800392DE8 /* SwipePageView.swift in Sources */ = {isa = PBXBuildFile; fileRef = 6BF9CC1C2EC69CC800392DE8 /* SwipePageView.swift */; };
		6BF9CD002EC69CC800392DE8 /* SavedDatesView.swift in Sources */ = {isa = PBXBuildFile; fileRef = 6BF9CC1D2EC69CC800392DE8 /* SavedDatesView.swift */; };
		6BF9CD012EC69CC800392DE8 /* DatePackPageView.swift in Sources */ = {isa = PBXBuildFile; fileRef = 6BF9CC1E2EC69CC800392DE8 /* DatePackPageView.swift */; };
		6BF9CD022EC69CC800392DE8 /* ProfilePageView.swift in Sources */ = {isa = PBXBuildFile; fileRef = 6BF9CC1F2EC69CC800392DE8 /* ProfilePageView.swift */; };
		6BF9CC0B2EC6378900392DE8 /* Assets.xcassets in Resources */ = {isa = PBXBuildFile; fileRef = 6BF9CBFF2EC6378900392DE8 /* Assets.xcassets */; };
		6BF9CC0E2EC6393A00392DE8 /* Kingfisher in Frameworks */ = {isa = PBXBuildFile; productRef = 6BF9CC0D2EC6393A00392DE8 /* Kingfisher */; };
		6BF9CC112EC6395D00392DE8 /* PostHog in Frameworks */ = {isa = PBXBuildFile; productRef = 6BF9CC102EC6395D00392DE8 /* PostHog */; };
/* End PBXBuildFile section */

/* Begin PBXFileReference section */
		6BF9CBE92EC630AE00392DE8 /* DateGenieApp.app */ = {isa = PBXFileReference; explicitFileType = wrapper.application; includeInIndex = 0; path = DateGenieApp.app; sourceTree = BUILT_PRODUCTS_DIR; };
		6BF9CBF82EC6378900392DE8 /* Venue.swift */ = {isa = PBXFileReference; lastKnownFileType = sourcecode.swift; path = Venue.swift; sourceTree = "<group>"; };
		6BF9CBFA2EC6378900392DE8 /* APIService.swift */ = {isa = PBXFileReference; lastKnownFileType = sourcecode.swift; path = APIService.swift; sourceTree = "<group>"; };
		6BF9CBFB2EC6378900392DE8 /* PostHogAnalytics.swift */ = {isa = PBXFileReference; lastKnownFileType = sourcecode.swift; path = PostHogAnalytics.swift; sourceTree = "<group>"; };
		6BF9CBFD2EC6378900392DE8 /* SwipeCardView.swift */ = {isa = PBXFileReference; lastKnownFileType = sourcecode.swift; path = SwipeCardView.swift; sourceTree = "<group>"; };
		6BF9CD022EC6A1B500392DE8 /* LocationService.swift */ = {isa = PBXFileReference; lastKnownFileType = sourcecode.swift; path = LocationService.swift; sourceTree = "<group>"; };
		6BF9CD062EC6A93800392DE8 /* VenueDetailView.swift */ = {isa = PBXFileReference; lastKnownFileType = sourcecode.swift; path = VenueDetailView.swift; sourceTree = "<group>"; };
		6BF9CD062EC6A93800392DE8 /* VenueDetailView.swift */ = {isa = PBXFileReference; lastKnownFileType = sourcecode.swift; path = VenueDetailView.swift; sourceTree = "<group>"; };
		6BF9CC112EC68F0F00392DE8 /* AuthenticationManager.swift */ = {isa = PBXFileReference; lastKnownFileType = sourcecode.swift; path = AuthenticationManager.swift; sourceTree = "<group>"; };
		6BF9CC132EC68F5A00392DE8 /* User.swift */ = {isa = PBXFileReference; lastKnownFileType = sourcecode.swift; path = User.swift; sourceTree = "<group>"; };
		6BF9CC152EC68FA400392DE8 /* SignInView.swift */ = {isa = PBXFileReference; lastKnownFileType = sourcecode.swift; path = SignInView.swift; sourceTree = "<group>"; };
		6BF9CC1A2EC69CC800392DE8 /* DateGenieViewModel.swift */ = {isa = PBXFileReference; lastKnownFileType = sourcecode.swift; path = DateGenieViewModel.swift; sourceTree = "<group>"; };
		6BF9CC1B2EC69CC800392DE8 /* FilterPageView.swift */ = {isa = PBXFileReference; lastKnownFileType = sourcecode.swift; path = FilterPageView.swift; sourceTree = "<group>"; };
		6BF9CC1C2EC69CC800392DE8 /* SwipePageView.swift */ = {isa = PBXFileReference; lastKnownFileType = sourcecode.swift; path = SwipePageView.swift; sourceTree = "<group>"; };
		6BF9CC1D2EC69CC800392DE8 /* SavedDatesView.swift */ = {isa = PBXFileReference; lastKnownFileType = sourcecode.swift; path = SavedDatesView.swift; sourceTree = "<group>"; };
		6BF9CC1E2EC69CC800392DE8 /* DatePackPageView.swift */ = {isa = PBXFileReference; lastKnownFileType = sourcecode.swift; path = DatePackPageView.swift; sourceTree = "<group>"; };
		6BF9CC1F2EC69CC800392DE8 /* ProfilePageView.swift */ = {isa = PBXFileReference; lastKnownFileType = sourcecode.swift; path = ProfilePageView.swift; sourceTree = "<group>"; };
		6BF9CBFF2EC6378900392DE8 /* Assets.xcassets */ = {isa = PBXFileReference; lastKnownFileType = folder.assetcatalog; path = Assets.xcassets; sourceTree = "<group>"; };
		6BF9CC002EC6378900392DE8 /* ContentView.swift */ = {isa = PBXFileReference; lastKnownFileType = sourcecode.swift; path = ContentView.swift; sourceTree = "<group>"; };
		6BF9CC012EC6378900392DE8 /* DateGenieApp.swift */ = {isa = PBXFileReference; lastKnownFileType = sourcecode.swift; path = DateGenieApp.swift; sourceTree = "<group>"; };
		6BF9CC022EC6378900392DE8 /* Info.plist */ = {isa = PBXFileReference; lastKnownFileType = text.plist.xml; path = Info.plist; sourceTree = "<group>"; };
/* End PBXFileReference section */

/* Begin PBXFrameworksBuildPhase section */
		6BF9CBE62EC630AE00392DE8 /* Frameworks */ = {
			isa = PBXFrameworksBuildPhase;
			buildActionMask = 2147483647;
			files = (
				6BF9CC0E2EC6393A00392DE8 /* Kingfisher in Frameworks */,
				6BF9CC112EC6395D00392DE8 /* PostHog in Frameworks */,
			);
			runOnlyForDeploymentPostprocessing = 0;
		};
/* End PBXFrameworksBuildPhase section */

/* Begin PBXGroup section */
		6BF9CBE02EC630AE00392DE8 = {
			isa = PBXGroup;
			children = (
				6BF9CC032EC6378900392DE8 /* DateGenie */,
				6BF9CBEA2EC630AE00392DE8 /* Products */,
			);
			sourceTree = "<group>";
		};
		6BF9CBEA2EC630AE00392DE8 /* Products */ = {
			isa = PBXGroup;
			children = (
				6BF9CBE92EC630AE00392DE8 /* DateGenieApp.app */,
			);
			name = Products;
			sourceTree = "<group>";
		};
		6BF9CBF92EC6378900392DE8 /* Models */ = {
			isa = PBXGroup;
			children = (
				6BF9CBF82EC6378900392DE8 /* Venue.swift */,
				6BF9CC132EC68F5A00392DE8 /* User.swift */,
			);
			path = Models;
			sourceTree = "<group>";
		};
		6BF9CBFC2EC6378900392DE8 /* Services */ = {
			isa = PBXGroup;
			children = (
				6BF9CBFA2EC6378900392DE8 /* APIService.swift */,
				6BF9CBFB2EC6378900392DE8 /* PostHogAnalytics.swift */,
				6BF9CC112EC68F0F00392DE8 /* AuthenticationManager.swift */,
				6BF9CD022EC6A1B500392DE8 /* LocationService.swift */,
			);
			path = Services;
			sourceTree = "<group>";
		};
		6BF9CC202EC69CC800392DE8 /* ViewModels */ = {
			isa = PBXGroup;
			children = (
				6BF9CC1A2EC69CC800392DE8 /* DateGenieViewModel.swift */,
			);
			path = ViewModels;
			sourceTree = "<group>";
		};
		6BF9CBFE2EC6378900392DE8 /* Views */ = {
			isa = PBXGroup;
			children = (
				6BF9CBFD2EC6378900392DE8 /* SwipeCardView.swift */,
				6BF9CC152EC68FA400392DE8 /* SignInView.swift */,
				6BF9CC1B2EC69CC800392DE8 /* FilterPageView.swift */,
				6BF9CC1C2EC69CC800392DE8 /* SwipePageView.swift */,
				6BF9CC1D2EC69CC800392DE8 /* SavedDatesView.swift */,
				6BF9CC1E2EC69CC800392DE8 /* DatePackPageView.swift */,
				6BF9CC1F2EC69CC800392DE8 /* ProfilePageView.swift */,
				6BF9CD062EC6A93800392DE8 /* VenueDetailView.swift */,
			);
			path = Views;
			sourceTree = "<group>";
		};
		6BF9CC032EC6378900392DE8 /* DateGenie */ = {
			isa = PBXGroup;
			children = (
				6BF9CBF92EC6378900392DE8 /* Models */,
				6BF9CBFC2EC6378900392DE8 /* Services */,
				6BF9CBFE2EC6378900392DE8 /* Views */,
				6BF9CC202EC69CC800392DE8 /* ViewModels */,
				6BF9CBFF2EC6378900392DE8 /* Assets.xcassets */,
				6BF9CC002EC6378900392DE8 /* ContentView.swift */,
				6BF9CC012EC6378900392DE8 /* DateGenieApp.swift */,
				6BF9CC022EC6378900392DE8 /* Info.plist */,
			);
			name = DateGenie;
			path = ../DateGenie;
			sourceTree = SOURCE_ROOT;
		};
/* End PBXGroup section */

/* Begin PBXNativeTarget section */
		6BF9CBE82EC630AE00392DE8 /* DateGenieApp */ = {
			isa = PBXNativeTarget;
			buildConfigurationList = 6BF9CBF42EC630B000392DE8 /* Build configuration list for PBXNativeTarget "DateGenieApp" */;
			buildPhases = (
				6BF9CBE52EC630AE00392DE8 /* Sources */,
				6BF9CBE62EC630AE00392DE8 /* Frameworks */,
				6BF9CBE72EC630AE00392DE8 /* Resources */,
			);
			buildRules = (
			);
			dependencies = (
			);
			name = DateGenieApp;
			packageProductDependencies = (
				6BF9CC0D2EC6393A00392DE8 /* Kingfisher */,
				6BF9CC102EC6395D00392DE8 /* PostHog */,
			);
			productName = DateGenieApp;
			productReference = 6BF9CBE92EC630AE00392DE8 /* DateGenieApp.app */;
			productType = "com.apple.product-type.application";
		};
/* End PBXNativeTarget section */

/* Begin PBXProject section */
		6BF9CBE12EC630AE00392DE8 /* Project object */ = {
			isa = PBXProject;
			attributes = {
				BuildIndependentTargetsInParallel = 1;
				LastSwiftUpdateCheck = 2610;
				LastUpgradeCheck = 2610;
				TargetAttributes = {
					6BF9CBE82EC630AE00392DE8 = {
						CreatedOnToolsVersion = 26.1.1;
					};
				};
			};
			buildConfigurationList = 6BF9CBE42EC630AE00392DE8 /* Build configuration list for PBXProject "DateGenieApp" */;
			developmentRegion = en;
			hasScannedForEncodings = 0;
			knownRegions = (
				en,
				Base,
			);
			mainGroup = 6BF9CBE02EC630AE00392DE8;
			minimizedProjectReferenceProxies = 1;
			packageReferences = (
				6BF9CC0C2EC6393A00392DE8 /* XCRemoteSwiftPackageReference "Kingfisher" */,
				6BF9CC0F2EC6395D00392DE8 /* XCRemoteSwiftPackageReference "posthog-ios" */,
			);
			preferredProjectObjectVersion = 77;
			productRefGroup = 6BF9CBEA2EC630AE00392DE8 /* Products */;
			projectDirPath = "";
			projectRoot = "";
			targets = (
				6BF9CBE82EC630AE00392DE8 /* DateGenieApp */,
			);
		};
/* End PBXProject section */

/* Begin PBXResourcesBuildPhase section */
		6BF9CBE72EC630AE00392DE8 /* Resources */ = {
			isa = PBXResourcesBuildPhase;
			buildActionMask = 2147483647;
			files = (
				6BF9CC0B2EC6378900392DE8 /* Assets.xcassets in Resources */,
			);
			runOnlyForDeploymentPostprocessing = 0;
		};
/* End PBXResourcesBuildPhase section */

/* Begin PBXSourcesBuildPhase section */
		6BF9CBE52EC630AE00392DE8 /* Sources */ = {
			isa = PBXSourcesBuildPhase;
			buildActionMask = 2147483647;
			files = (
				6BF9CC172EC69CC800392DE8 /* DateGenieViewModel.swift in Sources */,
				6BF9CC122EC68F0F00392DE8 /* AuthenticationManager.swift in Sources */,
				6BF9CC142EC68F5A00392DE8 /* User.swift in Sources */,
				6BF9CC162EC68FA400392DE8 /* SignInView.swift in Sources */,
				6BF9CC182EC69CC800392DE8 /* FilterPageView.swift in Sources */,
				6BF9CC192EC69CC800392DE8 /* SwipePageView.swift in Sources */,
				6BF9CD002EC69CC800392DE8 /* SavedDatesView.swift in Sources */,
				6BF9CD012EC69CC800392DE8 /* DatePackPageView.swift in Sources */,
				6BF9CD022EC69CC800392DE8 /* ProfilePageView.swift in Sources */,
				6BF9CC042EC6378900392DE8 /* Venue.swift in Sources */,
				6BF9CC052EC6378900392DE8 /* PostHogAnalytics.swift in Sources */,
				6BF9CC062EC6378900392DE8 /* SwipeCardView.swift in Sources */,
				6BF9CC072EC6378900392DE8 /* DateGenieApp.swift in Sources */,
				6BF9CC082EC6378900392DE8 /* APIService.swift in Sources */,
				6BF9CD032EC6A1B500392DE8 /* LocationService.swift in Sources */,
				6BF9CD072EC6A93800392DE8 /* VenueDetailView.swift in Sources */,
				6BF9CC092EC6378900392DE8 /* ContentView.swift in Sources */,
			);
			runOnlyForDeploymentPostprocessing = 0;
		};
/* End PBXSourcesBuildPhase section */

/* Begin XCBuildConfiguration section */
		6BF9CBF22EC630B000392DE8 /* Debug */ = {
			isa = XCBuildConfiguration;
			buildSettings = {
				ALWAYS_SEARCH_USER_PATHS = NO;
				ASSETCATALOG_COMPILER_GENERATE_SWIFT_ASSET_SYMBOL_EXTENSIONS = YES;
				CLANG_ANALYZER_NONNULL = YES;
				CLANG_ANALYZER_NUMBER_OBJECT_CONVERSION = YES_AGGRESSIVE;
				CLANG_CXX_LANGUAGE_STANDARD = "gnu++20";
				CLANG_ENABLE_MODULES = YES;
				CLANG_ENABLE_OBJC_ARC = YES;
				CLANG_ENABLE_OBJC_WEAK = YES;
				CLANG_WARN_BLOCK_CAPTURE_AUTORELEASING = YES;
				CLANG_WARN_BOOL_CONVERSION = YES;
				CLANG_WARN_COMMA = YES;
				CLANG_WARN_CONSTANT_CONVERSION = YES;
				CLANG_WARN_DEPRECATED_OBJC_IMPLEMENTATIONS = YES;
				CLANG_WARN_DIRECT_OBJC_ISA_USAGE = YES_ERROR;
				CLANG_WARN_DOCUMENTATION_COMMENTS = YES;
				CLANG_WARN_EMPTY_BODY = YES;
				CLANG_WARN_ENUM_CONVERSION = YES;
				CLANG_WARN_INFINITE_RECURSION = YES;
				CLANG_WARN_INT_CONVERSION = YES;
				CLANG_WARN_NON_LITERAL_NULL_CONVERSION = YES;
				CLANG_WARN_OBJC_IMPLICIT_RETAIN_SELF = YES;
				CLANG_WARN_OBJC_LITERAL_CONVERSION = YES;
				CLANG_WARN_OBJC_ROOT_CLASS = YES_ERROR;
				CLANG_WARN_QUOTED_INCLUDE_IN_FRAMEWORK_HEADER = YES;
				CLANG_WARN_RANGE_LOOP_ANALYSIS = YES;
				CLANG_WARN_STRICT_PROTOTYPES = YES;
				CLANG_WARN_SUSPICIOUS_MOVE = YES;
				CLANG_WARN_UNGUARDED_AVAILABILITY = YES_AGGRESSIVE;
				CLANG_WARN_UNREACHABLE_CODE = YES;
				CLANG_WARN__DUPLICATE_METHOD_MATCH = YES;
				COPY_PHASE_STRIP = NO;
				DEBUG_INFORMATION_FORMAT = dwarf;
				ENABLE_STRICT_OBJC_MSGSEND = YES;
				ENABLE_TESTABILITY = YES;
				ENABLE_USER_SCRIPT_SANDBOXING = YES;
				GCC_C_LANGUAGE_STANDARD = gnu17;
				GCC_DYNAMIC_NO_PIC = NO;
				GCC_NO_COMMON_BLOCKS = YES;
				GCC_OPTIMIZATION_LEVEL = 0;
				GCC_PREPROCESSOR_DEFINITIONS = (
					"DEBUG=1",
					"$(inherited)",
				);
				GCC_WARN_64_TO_32_BIT_CONVERSION = YES;
				GCC_WARN_ABOUT_RETURN_TYPE = YES_ERROR;
				GCC_WARN_UNDECLARED_SELECTOR = YES;
				GCC_WARN_UNINITIALIZED_AUTOS = YES_AGGRESSIVE;
				GCC_WARN_UNUSED_FUNCTION = YES;
				GCC_WARN_UNUSED_VARIABLE = YES;
				IPHONEOS_DEPLOYMENT_TARGET = 26.1;
				LOCALIZATION_PREFERS_STRING_CATALOGS = YES;
				MTL_ENABLE_DEBUG_INFO = INCLUDE_SOURCE;
				MTL_FAST_MATH = YES;
				ONLY_ACTIVE_ARCH = YES;
				SDKROOT = iphoneos;
				SWIFT_ACTIVE_COMPILATION_CONDITIONS = "DEBUG $(inherited)";
				SWIFT_OPTIMIZATION_LEVEL = "-Onone";
			};
			name = Debug;
		};
		6BF9CBF32EC630B000392DE8 /* Release */ = {
			isa = XCBuildConfiguration;
			buildSettings = {
				ALWAYS_SEARCH_USER_PATHS = NO;
				ASSETCATALOG_COMPILER_GENERATE_SWIFT_ASSET_SYMBOL_EXTENSIONS = YES;
				CLANG_ANALYZER_NONNULL = YES;
				CLANG_ANALYZER_NUMBER_OBJECT_CONVERSION = YES_AGGRESSIVE;
				CLANG_CXX_LANGUAGE_STANDARD = "gnu++20";
				CLANG_ENABLE_MODULES = YES;
				CLANG_ENABLE_OBJC_ARC = YES;
				CLANG_ENABLE_OBJC_WEAK = YES;
				CLANG_WARN_BLOCK_CAPTURE_AUTORELEASING = YES;
				CLANG_WARN_BOOL_CONVERSION = YES;
				CLANG_WARN_COMMA = YES;
				CLANG_WARN_CONSTANT_CONVERSION = YES;
				CLANG_WARN_DEPRECATED_OBJC_IMPLEMENTATIONS = YES;
				CLANG_WARN_DIRECT_OBJC_ISA_USAGE = YES_ERROR;
				CLANG_WARN_DOCUMENTATION_COMMENTS = YES;
				CLANG_WARN_EMPTY_BODY = YES;
				CLANG_WARN_ENUM_CONVERSION = YES;
				CLANG_WARN_INFINITE_RECURSION = YES;
				CLANG_WARN_INT_CONVERSION = YES;
				CLANG_WARN_NON_LITERAL_NULL_CONVERSION = YES;
				CLANG_WARN_OBJC_IMPLICIT_RETAIN_SELF = YES;
				CLANG_WARN_OBJC_LITERAL_CONVERSION = YES;
				CLANG_WARN_OBJC_ROOT_CLASS = YES_ERROR;
				CLANG_WARN_QUOTED_INCLUDE_IN_FRAMEWORK_HEADER = YES;
				CLANG_WARN_RANGE_LOOP_ANALYSIS = YES;
				CLANG_WARN_STRICT_PROTOTYPES = YES;
				CLANG_WARN_SUSPICIOUS_MOVE = YES;
				CLANG_WARN_UNGUARDED_AVAILABILITY = YES_AGGRESSIVE;
				CLANG_WARN_UNREACHABLE_CODE = YES;
				CLANG_WARN__DUPLICATE_METHOD_MATCH = YES;
				COPY_PHASE_STRIP = NO;
				DEBUG_INFORMATION_FORMAT = "dwarf-with-dsym";
				ENABLE_NS_ASSERTIONS = NO;
				ENABLE_STRICT_OBJC_MSGSEND = YES;
				ENABLE_USER_SCRIPT_SANDBOXING = YES;
				GCC_C_LANGUAGE_STANDARD = gnu17;
				GCC_NO_COMMON_BLOCKS = YES;
				GCC_WARN_64_TO_32_BIT_CONVERSION = YES;
				GCC_WARN_ABOUT_RETURN_TYPE = YES_ERROR;
				GCC_WARN_UNDECLARED_SELECTOR = YES;
				GCC_WARN_UNINITIALIZED_AUTOS = YES_AGGRESSIVE;
				GCC_WARN_UNUSED_FUNCTION = YES;
				GCC_WARN_UNUSED_VARIABLE = YES;
				IPHONEOS_DEPLOYMENT_TARGET = 26.1;
				LOCALIZATION_PREFERS_STRING_CATALOGS = YES;
				MTL_ENABLE_DEBUG_INFO = NO;
				MTL_FAST_MATH = YES;
				SDKROOT = iphoneos;
				SWIFT_COMPILATION_MODE = wholemodule;
				VALIDATE_PRODUCT = YES;
			};
			name = Release;
		};
		6BF9CBF52EC630B000392DE8 /* Debug */ = {
			isa = XCBuildConfiguration;
			buildSettings = {
				ASSETCATALOG_COMPILER_APPICON_NAME = AppIcon;
				ASSETCATALOG_COMPILER_GLOBAL_ACCENT_COLOR_NAME = AccentColor;
				CODE_SIGN_STYLE = Automatic;
				CURRENT_PROJECT_VERSION = 1;
				ENABLE_PREVIEWS = YES;
				GENERATE_INFOPLIST_FILE = YES;
				INFOPLIST_FILE = "$(PROJECT_DIR)/../DateGenie/Info.plist";
				INFOPLIST_KEY_UIApplicationSceneManifest_Generation = YES;
				INFOPLIST_KEY_UIApplicationSupportsIndirectInputEvents = YES;
				INFOPLIST_KEY_UILaunchScreen_Generation = YES;
				INFOPLIST_KEY_UISupportedInterfaceOrientations_iPad = "UIInterfaceOrientationPortrait UIInterfaceOrientationPortraitUpsideDown UIInterfaceOrientationLandscapeLeft UIInterfaceOrientationLandscapeRight";
				INFOPLIST_KEY_UISupportedInterfaceOrientations_iPhone = "UIInterfaceOrientationPortrait UIInterfaceOrientationLandscapeLeft UIInterfaceOrientationLandscapeRight";
				LD_RUNPATH_SEARCH_PATHS = (
					"$(inherited)",
					"@executable_path/Frameworks",
				);
				MARKETING_VERSION = 1.0;
				PRODUCT_BUNDLE_IDENTIFIER = bob.DateGenieApp;
				PRODUCT_NAME = "$(TARGET_NAME)";
				STRING_CATALOG_GENERATE_SYMBOLS = YES;
				SWIFT_APPROACHABLE_CONCURRENCY = YES;
				SWIFT_DEFAULT_ACTOR_ISOLATION = MainActor;
				SWIFT_EMIT_LOC_STRINGS = YES;
				SWIFT_UPCOMING_FEATURE_MEMBER_IMPORT_VISIBILITY = YES;
				SWIFT_VERSION = 5.0;
				TARGETED_DEVICE_FAMILY = "1,2";
			};
			name = Debug;
		};
		6BF9CBF62EC630B000392DE8 /* Release */ = {
			isa = XCBuildConfiguration;
			buildSettings = {
				ASSETCATALOG_COMPILER_APPICON_NAME = AppIcon;
				ASSETCATALOG_COMPILER_GLOBAL_ACCENT_COLOR_NAME = AccentColor;
				CODE_SIGN_STYLE = Automatic;
				CURRENT_PROJECT_VERSION = 1;
				ENABLE_PREVIEWS = YES;
				GENERATE_INFOPLIST_FILE = YES;
				INFOPLIST_FILE = "$(PROJECT_DIR)/../DateGenie/Info.plist";
				INFOPLIST_KEY_UIApplicationSceneManifest_Generation = YES;
				INFOPLIST_KEY_UIApplicationSupportsIndirectInputEvents = YES;
				INFOPLIST_KEY_UILaunchScreen_Generation = YES;
				INFOPLIST_KEY_UISupportedInterfaceOrientations_iPad = "UIInterfaceOrientationPortrait UIInterfaceOrientationPortraitUpsideDown UIInterfaceOrientationLandscapeLeft UIInterfaceOrientationLandscapeRight";
				INFOPLIST_KEY_UISupportedInterfaceOrientations_iPhone = "UIInterfaceOrientationPortrait UIInterfaceOrientationLandscapeLeft UIInterfaceOrientationLandscapeRight";
				LD_RUNPATH_SEARCH_PATHS = (
					"$(inherited)",
					"@executable_path/Frameworks",
				);
				MARKETING_VERSION = 1.0;
				PRODUCT_BUNDLE_IDENTIFIER = bob.DateGenieApp;
				PRODUCT_NAME = "$(TARGET_NAME)";
				STRING_CATALOG_GENERATE_SYMBOLS = YES;
				SWIFT_APPROACHABLE_CONCURRENCY = YES;
				SWIFT_DEFAULT_ACTOR_ISOLATION = MainActor;
				SWIFT_EMIT_LOC_STRINGS = YES;
				SWIFT_UPCOMING_FEATURE_MEMBER_IMPORT_VISIBILITY = YES;
				SWIFT_VERSION = 5.0;
				TARGETED_DEVICE_FAMILY = "1,2";
			};
			name = Release;
		};
/* End XCBuildConfiguration section */

/* Begin XCConfigurationList section */
		6BF9CBE42EC630AE00392DE8 /* Build configuration list for PBXProject "DateGenieApp" */ = {
			isa = XCConfigurationList;
			buildConfigurations = (
				6BF9CBF22EC630B000392DE8 /* Debug */,
				6BF9CBF32EC630B000392DE8 /* Release */,
			);
			defaultConfigurationIsVisible = 0;
			defaultConfigurationName = Release;
		};
		6BF9CBF42EC630B000392DE8 /* Build configuration list for PBXNativeTarget "DateGenieApp" */ = {
			isa = XCConfigurationList;
			buildConfigurations = (
				6BF9CBF52EC630B000392DE8 /* Debug */,
				6BF9CBF62EC630B000392DE8 /* Release */,
			);
			defaultConfigurationIsVisible = 0;
			defaultConfigurationName = Release;
		};
/* End XCConfigurationList section */

/* Begin XCRemoteSwiftPackageReference section */
		6BF9CC0C2EC6393A00392DE8 /* XCRemoteSwiftPackageReference "Kingfisher" */ = {
			isa = XCRemoteSwiftPackageReference;
			repositoryURL = "https://github.com/onevcat/Kingfisher.git";
			requirement = {
				kind = upToNextMajorVersion;
				minimumVersion = 8.6.1;
			};
		};
		6BF9CC0F2EC6395D00392DE8 /* XCRemoteSwiftPackageReference "posthog-ios" */ = {
			isa = XCRemoteSwiftPackageReference;
			repositoryURL = "https://github.com/PostHog/posthog-ios.git";
			requirement = {
				kind = upToNextMajorVersion;
				minimumVersion = 3.35.0;
			};
		};
/* End XCRemoteSwiftPackageReference section */

/* Begin XCSwiftPackageProductDependency section */
		6BF9CC0D2EC6393A00392DE8 /* Kingfisher */ = {
			isa = XCSwiftPackageProductDependency;
			package = 6BF9CC0C2EC6393A00392DE8 /* XCRemoteSwiftPackageReference "Kingfisher" */;
			productName = Kingfisher;
		};
		6BF9CC102EC6395D00392DE8 /* PostHog */ = {
			isa = XCSwiftPackageProductDependency;
			package = 6BF9CC0F2EC6395D00392DE8 /* XCRemoteSwiftPackageReference "posthog-ios" */;
			productName = PostHog;
		};
/* End XCSwiftPackageProductDependency section */
	};
	rootObject = 6BF9CBE12EC630AE00392DE8 /* Project object */;
}
